{
  "name": "jaxcore-speak",
  "version": "0.0.1",
  "lockfileVersion": 1,
  "requires": true,
  "dependencies": {
    "mespeak": {
      "version": "2.0.2",
      "resolved": "https://registry.npmjs.org/mespeak/-/mespeak-2.0.2.tgz",
      "integrity": "sha1-3/dqxRwfk3PCMGpcGbF8TCAyOGk="
    }
  }
}
