{
  "name": "jaxcore-say",
  "version": "0.0.6",
  "lockfileVersion": 1,
  "requires": true,
  "dependencies": {
    "async": {
      "version": "3.2.2",
      "resolved": "https://registry.npmjs.org/async/-/async-3.2.2.tgz",
      "integrity": "sha512-H0E+qZaDEfx/FY4t7iLRv1W2fFI6+pyCeTw1uN20AQPiwqwM6ojPxHxdLv4z8hi2DtnW9BOckSspLucW7pIE5g=="
    },
    "sam-js": {
      "version": "git+https://github.com/jaxcore/sam.git#3fb5450033072ba494958179eb5af05325e2f07a",
      "from": "git+https://github.com/jaxcore/sam.git#jsonly",
      "dev": true
    }
  }
}
