# THIS IS AN AUTOGENERATED FILE. DO NOT EDIT THIS FILE DIRECTLY.
# yarn lockfile v1


mespeak@^2.0.2:
  version "2.0.2"
  resolved "https://registry.yarnpkg.com/mespeak/-/mespeak-2.0.2.tgz#dff76ac51c1f9373c2306a5c19b17c4c20323869"
  integrity sha1-3/dqxRwfk3PCMGpcGbF8TCAyOGk=

sam-js@^0.0.2:
  version "0.0.2"
  resolved "https://registry.yarnpkg.com/sam-js/-/sam-js-0.0.2.tgz#d918af514a9b78f988b8bed1afdd380db7e94abe"
  integrity sha512-3Y9YNPGRTQ1KNieZGcOBF2LlmdxiEdu2+7zII/z2bRSJcf+uNrpGZF1afNIeNds4f7Q+0ucEB5VtcztIff1iNg==
